
Microsoft Visual Studio Solution File, Format Version 12.00
# Visual Studio 15
VisualStudioVersion = 15.0.28307.136
MinimumVisualStudioVersion = 10.0.40219.1
Project("{FAE04EC0-301F-11D3-BF4B-00C04F79EFBC}") = "HelloWorld", "HelloWorld\HelloWorld.csproj", "{64C37058-5623-465D-A256-E918AD8D054A}"
EndProject
Project("{FAE04EC0-301F-11D3-BF4B-00C04F79EFBC}") = "TierLayout", "TierLayout\TierLayout.csproj", "{F52B43B3-D94B-47E5-8ACB-D01339860B5C}"
EndProject
Project("{FAE04EC0-301F-11D3-BF4B-00C04F79EFBC}") = "Layout_Übung", "Layout_Übung\Layout_Übung.csproj", "{4B3412B2-111C-4DC4-9EE0-5B96AAEF944C}"
EndProject
Project("{FAE04EC0-301F-11D3-BF4B-00C04F79EFBC}") = "Resourcen_Lokalisierung", "Resourcen_Lokalisierung\Resourcen_Lokalisierung.csproj", "{67BB0A5A-9542-48D9-BDCF-92AE5C799A03}"
EndProject
Project("{FAE04EC0-301F-11D3-BF4B-00C04F79EFBC}") = "ElementBinding", "ElementBinding\ElementBinding.csproj", "{24D6656B-CEA2-4DFB-B789-190D446BF711}"
EndProject
Project("{FAE04EC0-301F-11D3-BF4B-00C04F79EFBC}") = "Sportarten_DataTemplates", "Sportarten_DataTemplates\Sportarten_DataTemplates.csproj", "{08ABF207-4440-42C5-B5E4-76B7847322E4}"
EndProject
Project("{FAE04EC0-301F-11D3-BF4B-00C04F79EFBC}") = "ControlTemplates", "ControlTemplates\ControlTemplates.csproj", "{E18D5685-184C-4B11-9ED2-64DAB8E0ABD3}"
EndProject
Project("{FAE04EC0-301F-11D3-BF4B-00C04F79EFBC}") = "Validierung", "Validierung\Validierung.csproj", "{3C41E2B8-030F-4BBA-9408-1774553B417A}"
EndProject
Project("{FAE04EC0-301F-11D3-BF4B-00C04F79EFBC}") = "UserControl_ColorPicker", "UserControl_ColorPicker\UserControl_ColorPicker.csproj", "{56F4DBD0-2611-47B8-A48F-1474B5CB499A}"
EndProject
Project("{FAE04EC0-301F-11D3-BF4B-00C04F79EFBC}") = "UnsereUserControls", "UnsereUserControls\UnsereUserControls.csproj", "{2416DA7F-F6C3-4C58-8BAC-8A8E86F217B9}"
EndProject
Project("{FAE04EC0-301F-11D3-BF4B-00C04F79EFBC}") = "SportLibrary", "SportLibrary\SportLibrary.csproj", "{8CFA546E-5E44-447F-BCAD-A0083B74F2F1}"
EndProject
Project("{2150E333-8FDC-42A3-9474-1A3956D46DE8}") = "SportartenProjekte", "SportartenProjekte", "{60D532B7-68B5-4C5D-9251-4DDA7A0B53B2}"
EndProject
Project("{2150E333-8FDC-42A3-9474-1A3956D46DE8}") = "MVVMProject", "MVVMProject", "{538BD163-604C-437E-8543-B21BD1421C2E}"
EndProject
Project("{9A19103F-16F7-4668-BE54-9A1E7A4F7556}") = "BookModels", "BookModels\BookModels.csproj", "{6A090799-9400-4649-98CE-FE5A1ED697BD}"
EndProject
Project("{FAE04EC0-301F-11D3-BF4B-00C04F79EFBC}") = "GoogleBooksGUI", "GoogleBooksGUI\GoogleBooksGUI.csproj", "{23B328DB-0E54-4940-833D-FD498854769F}"
EndProject
Project("{FAE04EC0-301F-11D3-BF4B-00C04F79EFBC}") = "HamburgerMenu", "HamburgerMenu\HamburgerMenu.csproj", "{CF1B7D25-4744-4B04-B725-7F2D8223806B}"
EndProject
Global
	GlobalSection(SolutionConfigurationPlatforms) = preSolution
		Debug|Any CPU = Debug|Any CPU
		Release|Any CPU = Release|Any CPU
	EndGlobalSection
	GlobalSection(ProjectConfigurationPlatforms) = postSolution
		{64C37058-5623-465D-A256-E918AD8D054A}.Debug|Any CPU.ActiveCfg = Debug|Any CPU
		{64C37058-5623-465D-A256-E918AD8D054A}.Debug|Any CPU.Build.0 = Debug|Any CPU
		{64C37058-5623-465D-A256-E918AD8D054A}.Release|Any CPU.ActiveCfg = Release|Any CPU
		{64C37058-5623-465D-A256-E918AD8D054A}.Release|Any CPU.Build.0 = Release|Any CPU
		{F52B43B3-D94B-47E5-8ACB-D01339860B5C}.Debug|Any CPU.ActiveCfg = Debug|Any CPU
		{F52B43B3-D94B-47E5-8ACB-D01339860B5C}.Debug|Any CPU.Build.0 = Debug|Any CPU
		{F52B43B3-D94B-47E5-8ACB-D01339860B5C}.Release|Any CPU.ActiveCfg = Release|Any CPU
		{F52B43B3-D94B-47E5-8ACB-D01339860B5C}.Release|Any CPU.Build.0 = Release|Any CPU
		{4B3412B2-111C-4DC4-9EE0-5B96AAEF944C}.Debug|Any CPU.ActiveCfg = Debug|Any CPU
		{4B3412B2-111C-4DC4-9EE0-5B96AAEF944C}.Debug|Any CPU.Build.0 = Debug|Any CPU
		{4B3412B2-111C-4DC4-9EE0-5B96AAEF944C}.Release|Any CPU.ActiveCfg = Release|Any CPU
		{4B3412B2-111C-4DC4-9EE0-5B96AAEF944C}.Release|Any CPU.Build.0 = Release|Any CPU
		{67BB0A5A-9542-48D9-BDCF-92AE5C799A03}.Debug|Any CPU.ActiveCfg = Debug|Any CPU
		{67BB0A5A-9542-48D9-BDCF-92AE5C799A03}.Debug|Any CPU.Build.0 = Debug|Any CPU
		{67BB0A5A-9542-48D9-BDCF-92AE5C799A03}.Release|Any CPU.ActiveCfg = Release|Any CPU
		{67BB0A5A-9542-48D9-BDCF-92AE5C799A03}.Release|Any CPU.Build.0 = Release|Any CPU
		{24D6656B-CEA2-4DFB-B789-190D446BF711}.Debug|Any CPU.ActiveCfg = Debug|Any CPU
		{24D6656B-CEA2-4DFB-B789-190D446BF711}.Debug|Any CPU.Build.0 = Debug|Any CPU
		{24D6656B-CEA2-4DFB-B789-190D446BF711}.Release|Any CPU.ActiveCfg = Release|Any CPU
		{24D6656B-CEA2-4DFB-B789-190D446BF711}.Release|Any CPU.Build.0 = Release|Any CPU
		{08ABF207-4440-42C5-B5E4-76B7847322E4}.Debug|Any CPU.ActiveCfg = Debug|Any CPU
		{08ABF207-4440-42C5-B5E4-76B7847322E4}.Debug|Any CPU.Build.0 = Debug|Any CPU
		{08ABF207-4440-42C5-B5E4-76B7847322E4}.Release|Any CPU.ActiveCfg = Release|Any CPU
		{08ABF207-4440-42C5-B5E4-76B7847322E4}.Release|Any CPU.Build.0 = Release|Any CPU
		{E18D5685-184C-4B11-9ED2-64DAB8E0ABD3}.Debug|Any CPU.ActiveCfg = Debug|Any CPU
		{E18D5685-184C-4B11-9ED2-64DAB8E0ABD3}.Debug|Any CPU.Build.0 = Debug|Any CPU
		{E18D5685-184C-4B11-9ED2-64DAB8E0ABD3}.Release|Any CPU.ActiveCfg = Release|Any CPU
		{E18D5685-184C-4B11-9ED2-64DAB8E0ABD3}.Release|Any CPU.Build.0 = Release|Any CPU
		{3C41E2B8-030F-4BBA-9408-1774553B417A}.Debug|Any CPU.ActiveCfg = Debug|Any CPU
		{3C41E2B8-030F-4BBA-9408-1774553B417A}.Debug|Any CPU.Build.0 = Debug|Any CPU
		{3C41E2B8-030F-4BBA-9408-1774553B417A}.Release|Any CPU.ActiveCfg = Release|Any CPU
		{3C41E2B8-030F-4BBA-9408-1774553B417A}.Release|Any CPU.Build.0 = Release|Any CPU
		{56F4DBD0-2611-47B8-A48F-1474B5CB499A}.Debug|Any CPU.ActiveCfg = Debug|Any CPU
		{56F4DBD0-2611-47B8-A48F-1474B5CB499A}.Debug|Any CPU.Build.0 = Debug|Any CPU
		{56F4DBD0-2611-47B8-A48F-1474B5CB499A}.Release|Any CPU.ActiveCfg = Release|Any CPU
		{56F4DBD0-2611-47B8-A48F-1474B5CB499A}.Release|Any CPU.Build.0 = Release|Any CPU
		{2416DA7F-F6C3-4C58-8BAC-8A8E86F217B9}.Debug|Any CPU.ActiveCfg = Debug|Any CPU
		{2416DA7F-F6C3-4C58-8BAC-8A8E86F217B9}.Debug|Any CPU.Build.0 = Debug|Any CPU
		{2416DA7F-F6C3-4C58-8BAC-8A8E86F217B9}.Release|Any CPU.ActiveCfg = Release|Any CPU
		{2416DA7F-F6C3-4C58-8BAC-8A8E86F217B9}.Release|Any CPU.Build.0 = Release|Any CPU
		{8CFA546E-5E44-447F-BCAD-A0083B74F2F1}.Debug|Any CPU.ActiveCfg = Debug|Any CPU
		{8CFA546E-5E44-447F-BCAD-A0083B74F2F1}.Debug|Any CPU.Build.0 = Debug|Any CPU
		{8CFA546E-5E44-447F-BCAD-A0083B74F2F1}.Release|Any CPU.ActiveCfg = Release|Any CPU
		{8CFA546E-5E44-447F-BCAD-A0083B74F2F1}.Release|Any CPU.Build.0 = Release|Any CPU
		{6A090799-9400-4649-98CE-FE5A1ED697BD}.Debug|Any CPU.ActiveCfg = Debug|Any CPU
		{6A090799-9400-4649-98CE-FE5A1ED697BD}.Debug|Any CPU.Build.0 = Debug|Any CPU
		{6A090799-9400-4649-98CE-FE5A1ED697BD}.Release|Any CPU.ActiveCfg = Release|Any CPU
		{6A090799-9400-4649-98CE-FE5A1ED697BD}.Release|Any CPU.Build.0 = Release|Any CPU
		{23B328DB-0E54-4940-833D-FD498854769F}.Debug|Any CPU.ActiveCfg = Debug|Any CPU
		{23B328DB-0E54-4940-833D-FD498854769F}.Debug|Any CPU.Build.0 = Debug|Any CPU
		{23B328DB-0E54-4940-833D-FD498854769F}.Release|Any CPU.ActiveCfg = Release|Any CPU
		{23B328DB-0E54-4940-833D-FD498854769F}.Release|Any CPU.Build.0 = Release|Any CPU
		{CF1B7D25-4744-4B04-B725-7F2D8223806B}.Debug|Any CPU.ActiveCfg = Debug|Any CPU
		{CF1B7D25-4744-4B04-B725-7F2D8223806B}.Debug|Any CPU.Build.0 = Debug|Any CPU
		{CF1B7D25-4744-4B04-B725-7F2D8223806B}.Release|Any CPU.ActiveCfg = Release|Any CPU
		{CF1B7D25-4744-4B04-B725-7F2D8223806B}.Release|Any CPU.Build.0 = Release|Any CPU
	EndGlobalSection
	GlobalSection(SolutionProperties) = preSolution
		HideSolutionNode = FALSE
	EndGlobalSection
	GlobalSection(NestedProjects) = preSolution
		{08ABF207-4440-42C5-B5E4-76B7847322E4} = {60D532B7-68B5-4C5D-9251-4DDA7A0B53B2}
		{2416DA7F-F6C3-4C58-8BAC-8A8E86F217B9} = {60D532B7-68B5-4C5D-9251-4DDA7A0B53B2}
		{8CFA546E-5E44-447F-BCAD-A0083B74F2F1} = {60D532B7-68B5-4C5D-9251-4DDA7A0B53B2}
		{6A090799-9400-4649-98CE-FE5A1ED697BD} = {538BD163-604C-437E-8543-B21BD1421C2E}
		{23B328DB-0E54-4940-833D-FD498854769F} = {538BD163-604C-437E-8543-B21BD1421C2E}
		{CF1B7D25-4744-4B04-B725-7F2D8223806B} = {538BD163-604C-437E-8543-B21BD1421C2E}
	EndGlobalSection
	GlobalSection(ExtensibilityGlobals) = postSolution
		SolutionGuid = {2133D57B-7FFC-4E4E-91A5-E9B378EEE7FE}
	EndGlobalSection
EndGlobal
